// !$*UTF8*$!
{
	archiveVersion = 1;
	classes = {
	};
	objectVersion = 46;
	objects = {

/* Begin PBXBuildFile section */
		B11FF1451D14209700CF5DDA /* main.m in Sources */ = {isa = PBXBuildFile; fileRef = B11FF1441D14209700CF5DDA /* main.m */; };
		B11FF1481D14209700CF5DDA /* AppDelegate.m in Sources */ = {isa = PBXBuildFile; fileRef = B11FF1471D14209700CF5DDA /* AppDelegate.m */; };
		B11FF14E1D14209700CF5DDA /* Main.storyboard in Resources */ = {isa = PBXBuildFile; fileRef = B11FF14C1D14209700CF5DDA /* Main.storyboard */; };
		B11FF1501D14209700CF5DDA /* Assets.xcassets in Resources */ = {isa = PBXBuildFile; fileRef = B11FF14F1D14209700CF5DDA /* Assets.xcassets */; };
		B11FF1531D14209700CF5DDA /* LaunchScreen.storyboard in Resources */ = {isa = PBXBuildFile; fileRef = B11FF1511D14209700CF5DDA /* LaunchScreen.storyboard */; };
		B11FF15E1D14209700CF5DDA /* FruitManiaTests.m in Sources */ = {isa = PBXBuildFile; fileRef = B11FF15D1D14209700CF5DDA /* FruitManiaTests.m */; };
		B11FF1691D14209700CF5DDA /* FruitManiaUITests.m in Sources */ = {isa = PBXBuildFile; fileRef = B11FF1681D14209700CF5DDA /* FruitManiaUITests.m */; };
		B11FF17B1D14224100CF5DDA /* FruitsListViewController.m in Sources */ = {isa = PBXBuildFile; fileRef = B11FF17A1D14224100CF5DDA /* FruitsListViewController.m */; };
		B11FF17E1D1511A400CF5DDA /* MinionViewController.m in Sources */ = {isa = PBXBuildFile; fileRef = B11FF17D1D1511A400CF5DDA /* MinionViewController.m */; };
		B11FF1821D155AB500CF5DDA /* FruitsListViewController+Helper.m in Sources */ = {isa = PBXBuildFile; fileRef = B11FF1811D155AB500CF5DDA /* FruitsListViewController+Helper.m */; };
/* End PBXBuildFile section */

/* Begin PBXContainerItemProxy section */
		B11FF15A1D14209700CF5DDA /* PBXContainerItemProxy */ = {
			isa = PBXContainerItemProxy;
			containerPortal = B11FF1381D14209700CF5DDA /* Project object */;
			proxyType = 1;
			remoteGlobalIDString = B11FF13F1D14209700CF5DDA;
			remoteInfo = FruitMania;
		};
		B11FF1651D14209700CF5DDA /* PBXContainerItemProxy */ = {
			isa = PBXContainerItemProxy;
			containerPortal = B11FF1381D14209700CF5DDA /* Project object */;
			proxyType = 1;
			remoteGlobalIDString = B11FF13F1D14209700CF5DDA;
			remoteInfo = FruitMania;
		};
/* End PBXContainerItemProxy section */

/* Begin PBXFileReference section */
		B11FF1401D14209700CF5DDA /* FruitMania.app */ = {isa = PBXFileReference; explicitFileType = wrapper.application; includeInIndex = 0; path = FruitMania.app; sourceTree = BUILT_PRODUCTS_DIR; };
		B11FF1441D14209700CF5DDA /* main.m */ = {isa = PBXFileReference; lastKnownFileType = sourcecode.c.objc; path = main.m; sourceTree = "<group>"; };
		B11FF1461D14209700CF5DDA /* AppDelegate.h */ = {isa = PBXFileReference; lastKnownFileType = sourcecode.c.h; path = AppDelegate.h; sourceTree = "<group>"; };
		B11FF1471D14209700CF5DDA /* AppDelegate.m */ = {isa = PBXFileReference; lastKnownFileType = sourcecode.c.objc; path = AppDelegate.m; sourceTree = "<group>"; };
		B11FF14D1D14209700CF5DDA /* Base */ = {isa = PBXFileReference; lastKnownFileType = file.storyboard; name = Base; path = Base.lproj/Main.storyboard; sourceTree = "<group>"; };
		B11FF14F1D14209700CF5DDA /* Assets.xcassets */ = {isa = PBXFileReference; lastKnownFileType = folder.assetcatalog; path = Assets.xcassets; sourceTree = "<group>"; };
		B11FF1521D14209700CF5DDA /* Base */ = {isa = PBXFileReference; lastKnownFileType = file.storyboard; name = Base; path = Base.lproj/LaunchScreen.storyboard; sourceTree = "<group>"; };
		B11FF1541D14209700CF5DDA /* Info.plist */ = {isa = PBXFileReference; lastKnownFileType = text.plist.xml; path = Info.plist; sourceTree = "<group>"; };
		B11FF1591D14209700CF5DDA /* FruitManiaTests.xctest */ = {isa = PBXFileReference; explicitFileType = wrapper.cfbundle; includeInIndex = 0; path = FruitManiaTests.xctest; sourceTree = BUILT_PRODUCTS_DIR; };
		B11FF15D1D14209700CF5DDA /* FruitManiaTests.m */ = {isa = PBXFileReference; lastKnownFileType = sourcecode.c.objc; path = FruitManiaTests.m; sourceTree = "<group>"; };
		B11FF15F1D14209700CF5DDA /* Info.plist */ = {isa = PBXFileReference; lastKnownFileType = text.plist.xml; path = Info.plist; sourceTree = "<group>"; };
		B11FF1641D14209700CF5DDA /* FruitManiaUITests.xctest */ = {isa = PBXFileReference; explicitFileType = wrapper.cfbundle; includeInIndex = 0; path = FruitManiaUITests.xctest; sourceTree = BUILT_PRODUCTS_DIR; };
		B11FF1681D14209700CF5DDA /* FruitManiaUITests.m */ = {isa = PBXFileReference; lastKnownFileType = sourcecode.c.objc; path = FruitManiaUITests.m; sourceTree = "<group>"; };
		B11FF16A1D14209700CF5DDA /* Info.plist */ = {isa = PBXFileReference; lastKnownFileType = text.plist.xml; path = Info.plist; sourceTree = "<group>"; };
		B11FF1791D14224100CF5DDA /* FruitsListViewController.h */ = {isa = PBXFileReference; fileEncoding = 4; lastKnownFileType = sourcecode.c.h; path = FruitsListViewController.h; sourceTree = "<group>"; };
		B11FF17A1D14224100CF5DDA /* FruitsListViewController.m */ = {isa = PBXFileReference; fileEncoding = 4; lastKnownFileType = sourcecode.c.objc; path = FruitsListViewController.m; sourceTree = "<group>"; };
		B11FF17C1D1511A400CF5DDA /* MinionViewController.h */ = {isa = PBXFileReference; fileEncoding = 4; lastKnownFileType = sourcecode.c.h; path = MinionViewController.h; sourceTree = "<group>"; };
		B11FF17D1D1511A400CF5DDA /* MinionViewController.m */ = {isa = PBXFileReference; fileEncoding = 4; lastKnownFileType = sourcecode.c.objc; path = MinionViewController.m; sourceTree = "<group>"; };
		B11FF17F1D152DE600CF5DDA /* Constants.h */ = {isa = PBXFileReference; lastKnownFileType = sourcecode.c.h; path = Constants.h; sourceTree = "<group>"; };
		B11FF1801D155AB500CF5DDA /* FruitsListViewController+Helper.h */ = {isa = PBXFileReference; fileEncoding = 4; lastKnownFileType = sourcecode.c.h; path = "FruitsListViewController+Helper.h"; sourceTree = "<group>"; };
		B11FF1811D155AB500CF5DDA /* FruitsListViewController+Helper.m */ = {isa = PBXFileReference; fileEncoding = 4; lastKnownFileType = sourcecode.c.objc; path = "FruitsListViewController+Helper.m"; sourceTree = "<group>"; };
/* End PBXFileReference section */

/* Begin PBXFrameworksBuildPhase section */
		B11FF13D1D14209700CF5DDA /* Frameworks */ = {
			isa = PBXFrameworksBuildPhase;
			buildActionMask = 2147483647;
			files = (
			);
			runOnlyForDeploymentPostprocessing = 0;
		};
		B11FF1561D14209700CF5DDA /* Frameworks */ = {
			isa = PBXFrameworksBuildPhase;
			buildActionMask = 2147483647;
			files = (
			);
			runOnlyForDeploymentPostprocessing = 0;
		};
		B11FF1611D14209700CF5DDA /* Frameworks */ = {
			isa = PBXFrameworksBuildPhase;
			buildActionMask = 2147483647;
			files = (
			);
			runOnlyForDeploymentPostprocessing = 0;
		};
/* End PBXFrameworksBuildPhase section */

/* Begin PBXGroup section */
		B11FF1371D14209700CF5DDA = {
			isa = PBXGroup;
			children = (
				B11FF1421D14209700CF5DDA /* FruitMania */,
				B11FF15C1D14209700CF5DDA /* FruitManiaTests */,
				B11FF1671D14209700CF5DDA /* FruitManiaUITests */,
				B11FF1411D14209700CF5DDA /* Products */,
			);
			sourceTree = "<group>";
		};
		B11FF1411D14209700CF5DDA /* Products */ = {
			isa = PBXGroup;
			children = (
				B11FF1401D14209700CF5DDA /* FruitMania.app */,
				B11FF1591D14209700CF5DDA /* FruitManiaTests.xctest */,
				B11FF1641D14209700CF5DDA /* FruitManiaUITests.xctest */,
			);
			name = Products;
			sourceTree = "<group>";
		};
		B11FF1421D14209700CF5DDA /* FruitMania */ = {
			isa = PBXGroup;
			children = (
				B11FF1461D14209700CF5DDA /* AppDelegate.h */,
				B11FF1471D14209700CF5DDA /* AppDelegate.m */,
				B11FF14C1D14209700CF5DDA /* Main.storyboard */,
				B11FF14F1D14209700CF5DDA /* Assets.xcassets */,
				B11FF1511D14209700CF5DDA /* LaunchScreen.storyboard */,
				B11FF1541D14209700CF5DDA /* Info.plist */,
				B11FF1431D14209700CF5DDA /* Supporting Files */,
				B11FF1791D14224100CF5DDA /* FruitsListViewController.h */,
				B11FF17A1D14224100CF5DDA /* FruitsListViewController.m */,
				B11FF17C1D1511A400CF5DDA /* MinionViewController.h */,
				B11FF17D1D1511A400CF5DDA /* MinionViewController.m */,
				B11FF17F1D152DE600CF5DDA /* Constants.h */,
				B11FF1801D155AB500CF5DDA /* FruitsListViewController+Helper.h */,
				B11FF1811D155AB500CF5DDA /* FruitsListViewController+Helper.m */,
			);
			path = FruitMania;
			sourceTree = "<group>";
		};
		B11FF1431D14209700CF5DDA /* Supporting Files */ = {
			isa = PBXGroup;
			children = (
				B11FF1441D14209700CF5DDA /* main.m */,
			);
			name = "Supporting Files";
			sourceTree = "<group>";
		};
		B11FF15C1D14209700CF5DDA /* FruitManiaTests */ = {
			isa = PBXGroup;
			children = (
				B11FF15D1D14209700CF5DDA /* FruitManiaTests.m */,
				B11FF15F1D14209700CF5DDA /* Info.plist */,
			);
			path = FruitManiaTests;
			sourceTree = "<group>";
		};
		B11FF1671D14209700CF5DDA /* FruitManiaUITests */ = {
			isa = PBXGroup;
			children = (
				B11FF1681D14209700CF5DDA /* FruitManiaUITests.m */,
				B11FF16A1D14209700CF5DDA /* Info.plist */,
			);
			path = FruitManiaUITests;
			sourceTree = "<group>";
		};
/* End PBXGroup section */

/* Begin PBXNativeTarget section */
		B11FF13F1D14209700CF5DDA /* FruitMania */ = {
			isa = PBXNativeTarget;
			buildConfigurationList = B11FF16D1D14209700CF5DDA /* Build configuration list for PBXNativeTarget "FruitMania" */;
			buildPhases = (
				B11FF13C1D14209700CF5DDA /* Sources */,
				B11FF13D1D14209700CF5DDA /* Frameworks */,
				B11FF13E1D14209700CF5DDA /* Resources */,
			);
			buildRules = (
			);
			dependencies = (
			);
			name = FruitMania;
			productName = FruitMania;
			productReference = B11FF1401D14209700CF5DDA /* FruitMania.app */;
			productType = "com.apple.product-type.application";
		};
		B11FF1581D14209700CF5DDA /* FruitManiaTests */ = {
			isa = PBXNativeTarget;
			buildConfigurationList = B11FF1701D14209700CF5DDA /* Build configuration list for PBXNativeTarget "FruitManiaTests" */;
			buildPhases = (
				B11FF1551D14209700CF5DDA /* Sources */,
				B11FF1561D14209700CF5DDA /* Frameworks */,
				B11FF1571D14209700CF5DDA /* Resources */,
			);
			buildRules = (
			);
			dependencies = (
				B11FF15B1D14209700CF5DDA /* PBXTargetDependency */,
			);
			name = FruitManiaTests;
			productName = FruitManiaTests;
			productReference = B11FF1591D14209700CF5DDA /* FruitManiaTests.xctest */;
			productType = "com.apple.product-type.bundle.unit-test";
		};
		B11FF1631D14209700CF5DDA /* FruitManiaUITests */ = {
			isa = PBXNativeTarget;
			buildConfigurationList = B11FF1731D14209700CF5DDA /* Build configuration list for PBXNativeTarget "FruitManiaUITests" */;
			buildPhases = (
				B11FF1601D14209700CF5DDA /* Sources */,
				B11FF1611D14209700CF5DDA /* Frameworks */,
				B11FF1621D14209700CF5DDA /* Resources */,
			);
			buildRules = (
			);
			dependencies = (
				B11FF1661D14209700CF5DDA /* PBXTargetDependency */,
			);
			name = FruitManiaUITests;
			productName = FruitManiaUITests;
			productReference = B11FF1641D14209700CF5DDA /* FruitManiaUITests.xctest */;
			productType = "com.apple.product-type.bundle.ui-testing";
		};
/* End PBXNativeTarget section */

/* Begin PBXProject section */
		B11FF1381D14209700CF5DDA /* Project object */ = {
			isa = PBXProject;
			attributes = {
				LastUpgradeCheck = 0730;
				ORGANIZATIONNAME = "Kanchan Yadav";
				TargetAttributes = {
					B11FF13F1D14209700CF5DDA = {
						CreatedOnToolsVersion = 7.3;
					};
					B11FF1581D14209700CF5DDA = {
						CreatedOnToolsVersion = 7.3;
						TestTargetID = B11FF13F1D14209700CF5DDA;
					};
					B11FF1631D14209700CF5DDA = {
						CreatedOnToolsVersion = 7.3;
						TestTargetID = B11FF13F1D14209700CF5DDA;
					};
				};
			};
			buildConfigurationList = B11FF13B1D14209700CF5DDA /* Build configuration list for PBXProject "FruitMania" */;
			compatibilityVersion = "Xcode 3.2";
			developmentRegion = English;
			hasScannedForEncodings = 0;
			knownRegions = (
				en,
				Base,
			);
			mainGroup = B11FF1371D14209700CF5DDA;
			productRefGroup = B11FF1411D14209700CF5DDA /* Products */;
			projectDirPath = "";
			projectRoot = "";
			targets = (
				B11FF13F1D14209700CF5DDA /* FruitMania */,
				B11FF1581D14209700CF5DDA /* FruitManiaTests */,
				B11FF1631D14209700CF5DDA /* FruitManiaUITests */,
			);
		};
/* End PBXProject section */

/* Begin PBXResourcesBuildPhase section */
		B11FF13E1D14209700CF5DDA /* Resources */ = {
			isa = PBXResourcesBuildPhase;
			buildActionMask = 2147483647;
			files = (
				B11FF1531D14209700CF5DDA /* LaunchScreen.storyboard in Resources */,
				B11FF1501D14209700CF5DDA /* Assets.xcassets in Resources */,
				B11FF14E1D14209700CF5DDA /* Main.storyboard in Resources */,
			);
			runOnlyForDeploymentPostprocessing = 0;
		};
		B11FF1571D14209700CF5DDA /* Resources */ = {
			isa = PBXResourcesBuildPhase;
			buildActionMask = 2147483647;
			files = (
			);
			runOnlyForDeploymentPostprocessing = 0;
		};
		B11FF1621D14209700CF5DDA /* Resources */ = {
			isa = PBXResourcesBuildPhase;
			buildActionMask = 2147483647;
			files = (
			);
			runOnlyForDeploymentPostprocessing = 0;
		};
/* End PBXResourcesBuildPhase section */

/* Begin PBXSourcesBuildPhase section */
		B11FF13C1D14209700CF5DDA /* Sources */ = {
			isa = PBXSourcesBuildPhase;
			buildActionMask = 2147483647;
			files = (
				B11FF1481D14209700CF5DDA /* AppDelegate.m in Sources */,
				B11FF17B1D14224100CF5DDA /* FruitsListViewController.m in Sources */,
				B11FF17E1D1511A400CF5DDA /* MinionViewController.m in Sources */,
				B11FF1451D14209700CF5DDA /* main.m in Sources */,
				B11FF1821D155AB500CF5DDA /* FruitsListViewController+Helper.m in Sources */,
			);
			runOnlyForDeploymentPostprocessing = 0;
		};
		B11FF1551D14209700CF5DDA /* Sources */ = {
			isa = PBXSourcesBuildPhase;
			buildActionMask = 2147483647;
			files = (
				B11FF15E1D14209700CF5DDA /* FruitManiaTests.m in Sources */,
			);
			runOnlyForDeploymentPostprocessing = 0;
		};
		B11FF1601D14209700CF5DDA /* Sources */ = {
			isa = PBXSourcesBuildPhase;
			buildActionMask = 2147483647;
			files = (
				B11FF1691D14209700CF5DDA /* FruitManiaUITests.m in Sources */,
			);
			runOnlyForDeploymentPostprocessing = 0;
		};
/* End PBXSourcesBuildPhase section */

/* Begin PBXTargetDependency section */
		B11FF15B1D14209700CF5DDA /* PBXTargetDependency */ = {
			isa = PBXTargetDependency;
			target = B11FF13F1D14209700CF5DDA /* FruitMania */;
			targetProxy = B11FF15A1D14209700CF5DDA /* PBXContainerItemProxy */;
		};
		B11FF1661D14209700CF5DDA /* PBXTargetDependency */ = {
			isa = PBXTargetDependency;
			target = B11FF13F1D14209700CF5DDA /* FruitMania */;
			targetProxy = B11FF1651D14209700CF5DDA /* PBXContainerItemProxy */;
		};
/* End PBXTargetDependency section */

/* Begin PBXVariantGroup section */
		B11FF14C1D14209700CF5DDA /* Main.storyboard */ = {
			isa = PBXVariantGroup;
			children = (
				B11FF14D1D14209700CF5DDA /* Base */,
			);
			name = Main.storyboard;
			sourceTree = "<group>";
		};
		B11FF1511D14209700CF5DDA /* LaunchScreen.storyboard */ = {
			isa = PBXVariantGroup;
			children = (
				B11FF1521D14209700CF5DDA /* Base */,
			);
			name = LaunchScreen.storyboard;
			sourceTree = "<group>";
		};
/* End PBXVariantGroup section */

/* Begin XCBuildConfiguration section */
		B11FF16B1D14209700CF5DDA /* Debug */ = {
			isa = XCBuildConfiguration;
			buildSettings = {
				ALWAYS_SEARCH_USER_PATHS = NO;
				CLANG_ANALYZER_NONNULL = YES;
				CLANG_CXX_LANGUAGE_STANDARD = "gnu++0x";
				CLANG_CXX_LIBRARY = "libc++";
				CLANG_ENABLE_MODULES = YES;
				CLANG_ENABLE_OBJC_ARC = YES;
				CLANG_WARN_BOOL_CONVERSION = YES;
				CLANG_WARN_CONSTANT_CONVERSION = YES;
				CLANG_WARN_DIRECT_OBJC_ISA_USAGE = YES_ERROR;
				CLANG_WARN_EMPTY_BODY = YES;
				CLANG_WARN_ENUM_CONVERSION = YES;
				CLANG_WARN_INT_CONVERSION = YES;
				CLANG_WARN_OBJC_ROOT_CLASS = YES_ERROR;
				CLANG_WARN_UNREACHABLE_CODE = YES;
				CLANG_WARN__DUPLICATE_METHOD_MATCH = YES;
				"CODE_SIGN_IDENTITY[sdk=iphoneos*]" = "iPhone Developer";
				COPY_PHASE_STRIP = NO;
				DEBUG_INFORMATION_FORMAT = dwarf;
				ENABLE_STRICT_OBJC_MSGSEND = YES;
				ENABLE_TESTABILITY = YES;
				GCC_C_LANGUAGE_STANDARD = gnu99;
				GCC_DYNAMIC_NO_PIC = NO;
				GCC_NO_COMMON_BLOCKS = YES;
				GCC_OPTIMIZATION_LEVEL = 0;
				GCC_PREPROCESSOR_DEFINITIONS = (
					"DEBUG=1",
					"$(inherited)",
				);
				GCC_WARN_64_TO_32_BIT_CONVERSION = YES;
				GCC_WARN_ABOUT_RETURN_TYPE = YES_ERROR;
				GCC_WARN_UNDECLARED_SELECTOR = YES;
				GCC_WARN_UNINITIALIZED_AUTOS = YES_AGGRESSIVE;
				GCC_WARN_UNUSED_FUNCTION = YES;
				GCC_WARN_UNUSED_VARIABLE = YES;
				IPHONEOS_DEPLOYMENT_TARGET = 9.3;
				MTL_ENABLE_DEBUG_INFO = YES;
				ONLY_ACTIVE_ARCH = YES;
				SDKROOT = iphoneos;
				TARGETED_DEVICE_FAMILY = "1,2";
			};
			name = Debug;
		};
		B11FF16C1D14209700CF5DDA /* Release */ = {
			isa = XCBuildConfiguration;
			buildSettings = {
				ALWAYS_SEARCH_USER_PATHS = NO;
				CLANG_ANALYZER_NONNULL = YES;
				CLANG_CXX_LANGUAGE_STANDARD = "gnu++0x";
				CLANG_CXX_LIBRARY = "libc++";
				CLANG_ENABLE_MODULES = YES;
				CLANG_ENABLE_OBJC_ARC = YES;
				CLANG_WARN_BOOL_CONVERSION = YES;
				CLANG_WARN_CONSTANT_CONVERSION = YES;
				CLANG_WARN_DIRECT_OBJC_ISA_USAGE = YES_ERROR;
				CLANG_WARN_EMPTY_BODY = YES;
				CLANG_WARN_ENUM_CONVERSION = YES;
				CLANG_WARN_INT_CONVERSION = YES;
				CLANG_WARN_OBJC_ROOT_CLASS = YES_ERROR;
				CLANG_WARN_UNREACHABLE_CODE = YES;
				CLANG_WARN__DUPLICATE_METHOD_MATCH = YES;
				"CODE_SIGN_IDENTITY[sdk=iphoneos*]" = "iPhone Developer";
				COPY_PHASE_STRIP = NO;
				DEBUG_INFORMATION_FORMAT = "dwarf-with-dsym";
				ENABLE_NS_ASSERTIONS = NO;
				ENABLE_STRICT_OBJC_MSGSEND = YES;
				GCC_C_LANGUAGE_STANDARD = gnu99;
				GCC_NO_COMMON_BLOCKS = YES;
				GCC_WARN_64_TO_32_BIT_CONVERSION = YES;
				GCC_WARN_ABOUT_RETURN_TYPE = YES_ERROR;
				GCC_WARN_UNDECLARED_SELECTOR = YES;
				GCC_WARN_UNINITIALIZED_AUTOS = YES_AGGRESSIVE;
				GCC_WARN_UNUSED_FUNCTION = YES;
				GCC_WARN_UNUSED_VARIABLE = YES;
				IPHONEOS_DEPLOYMENT_TARGET = 9.3;
				MTL_ENABLE_DEBUG_INFO = NO;
				SDKROOT = iphoneos;
				TARGETED_DEVICE_FAMILY = "1,2";
				VALIDATE_PRODUCT = YES;
			};
			name = Release;
		};
		B11FF16E1D14209700CF5DDA /* Debug */ = {
			isa = XCBuildConfiguration;
			buildSettings = {
				ASSETCATALOG_COMPILER_APPICON_NAME = AppIcon;
				INFOPLIST_FILE = FruitMania/Info.plist;
				LD_RUNPATH_SEARCH_PATHS = "$(inherited) @executable_path/Frameworks";
				PRODUCT_BUNDLE_IDENTIFIER = tuneIn.FruitMania;
				PRODUCT_NAME = "$(TARGET_NAME)";
			};
			name = Debug;
		};
		B11FF16F1D14209700CF5DDA /* Release */ = {
			isa = XCBuildConfiguration;
			buildSettings = {
				ASSETCATALOG_COMPILER_APPICON_NAME = AppIcon;
				INFOPLIST_FILE = FruitMania/Info.plist;
				LD_RUNPATH_SEARCH_PATHS = "$(inherited) @executable_path/Frameworks";
				PRODUCT_BUNDLE_IDENTIFIER = tuneIn.FruitMania;
				PRODUCT_NAME = "$(TARGET_NAME)";
			};
			name = Release;
		};
		B11FF1711D14209700CF5DDA /* Debug */ = {
			isa = XCBuildConfiguration;
			buildSettings = {
				BUNDLE_LOADER = "$(TEST_HOST)";
				INFOPLIST_FILE = FruitManiaTests/Info.plist;
				LD_RUNPATH_SEARCH_PATHS = "$(inherited) @executable_path/Frameworks @loader_path/Frameworks";
				PRODUCT_BUNDLE_IDENTIFIER = tuneIn.FruitManiaTests;
				PRODUCT_NAME = "$(TARGET_NAME)";
				TEST_HOST = "$(BUILT_PRODUCTS_DIR)/FruitMania.app/FruitMania";
			};
			name = Debug;
		};
		B11FF1721D14209700CF5DDA /* Release */ = {
			isa = XCBuildConfiguration;
			buildSettings = {
				BUNDLE_LOADER = "$(TEST_HOST)";
				INFOPLIST_FILE = FruitManiaTests/Info.plist;
				LD_RUNPATH_SEARCH_PATHS = "$(inherited) @executable_path/Frameworks @loader_path/Frameworks";
				PRODUCT_BUNDLE_IDENTIFIER = tuneIn.FruitManiaTests;
				PRODUCT_NAME = "$(TARGET_NAME)";
				TEST_HOST = "$(BUILT_PRODUCTS_DIR)/FruitMania.app/FruitMania";
			};
			name = Release;
		};
		B11FF1741D14209700CF5DDA /* Debug */ = {
			isa = XCBuildConfiguration;
			buildSettings = {
				INFOPLIST_FILE = FruitManiaUITests/Info.plist;
				LD_RUNPATH_SEARCH_PATHS = "$(inherited) @executable_path/Frameworks @loader_path/Frameworks";
				PRODUCT_BUNDLE_IDENTIFIER = tuneIn.FruitManiaUITests;
				PRODUCT_NAME = "$(TARGET_NAME)";
				TEST_TARGET_NAME = FruitMania;
			};
			name = Debug;
		};
		B11FF1751D14209700CF5DDA /* Release */ = {
			isa = XCBuildConfiguration;
			buildSettings = {
				INFOPLIST_FILE = FruitManiaUITests/Info.plist;
				LD_RUNPATH_SEARCH_PATHS = "$(inherited) @executable_path/Frameworks @loader_path/Frameworks";
				PRODUCT_BUNDLE_IDENTIFIER = tuneIn.FruitManiaUITests;
				PRODUCT_NAME = "$(TARGET_NAME)";
				TEST_TARGET_NAME = FruitMania;
			};
			name = Release;
		};
/* End XCBuildConfiguration section */

/* Begin XCConfigurationList section */
		B11FF13B1D14209700CF5DDA /* Build configuration list for PBXProject "FruitMania" */ = {
			isa = XCConfigurationList;
			buildConfigurations = (
				B11FF16B1D14209700CF5DDA /* Debug */,
				B11FF16C1D14209700CF5DDA /* Release */,
			);
			defaultConfigurationIsVisible = 0;
			defaultConfigurationName = Release;
		};
		B11FF16D1D14209700CF5DDA /* Build configuration list for PBXNativeTarget "FruitMania" */ = {
			isa = XCConfigurationList;
			buildConfigurations = (
				B11FF16E1D14209700CF5DDA /* Debug */,
				B11FF16F1D14209700CF5DDA /* Release */,
			);
			defaultConfigurationIsVisible = 0;
		};
		B11FF1701D14209700CF5DDA /* Build configuration list for PBXNativeTarget "FruitManiaTests" */ = {
			isa = XCConfigurationList;
			buildConfigurations = (
				B11FF1711D14209700CF5DDA /* Debug */,
				B11FF1721D14209700CF5DDA /* Release */,
			);
			defaultConfigurationIsVisible = 0;
		};
		B11FF1731D14209700CF5DDA /* Build configuration list for PBXNativeTarget "FruitManiaUITests" */ = {
			isa = XCConfigurationList;
			buildConfigurations = (
				B11FF1741D14209700CF5DDA /* Debug */,
				B11FF1751D14209700CF5DDA /* Release */,
			);
			defaultConfigurationIsVisible = 0;
		};
/* End XCConfigurationList section */
	};
	rootObject = B11FF1381D14209700CF5DDA /* Project object */;
}
